
Microsoft Visual Studio Solution File, Format Version 12.00
# Visual Studio Version 17
VisualStudioVersion = 17.0.31717.71
MinimumVisualStudioVersion = 10.0.40219.1
Project("{FAE04EC0-301F-11D3-BF4B-00C04F79EFBC}") = "DesignPatternStudy", "DesignPatternStudy\DesignPatternStudy.csproj", "{EAE42B60-E3F1-48FE-99DA-6A7C4198EE99}"
EndProject
Global
	GlobalSection(SolutionConfigurationPlatforms) = preSolution
		Debug|Any CPU = Debug|Any CPU
		Release|Any CPU = Release|Any CPU
	EndGlobalSection
	GlobalSection(ProjectConfigurationPlatforms) = postSolution
		{EAE42B60-E3F1-48FE-99DA-6A7C4198EE99}.Debug|Any CPU.ActiveCfg = Debug|Any CPU
		{EAE42B60-E3F1-48FE-99DA-6A7C4198EE99}.Debug|Any CPU.Build.0 = Debug|Any CPU
		{EAE42B60-E3F1-48FE-99DA-6A7C4198EE99}.Release|Any CPU.ActiveCfg = Release|Any CPU
		{EAE42B60-E3F1-48FE-99DA-6A7C4198EE99}.Release|Any CPU.Build.0 = Release|Any CPU
	EndGlobalSection
	GlobalSection(SolutionProperties) = preSolution
		HideSolutionNode = FALSE
	EndGlobalSection
	GlobalSection(ExtensibilityGlobals) = postSolution
		SolutionGuid = {D3B3CB7E-F5ED-4C4C-B047-6B3B7F455247}
	EndGlobalSection
EndGlobal
